{
  "nodes": {
    "nixpkgs": {
      "locked": {
        "lastModified": 1712867921,
        "narHash": "sha256-edTFV4KldkCMdViC/rmpJa7oLIU8SE/S35lh/ukC7bg=",
        "rev": "51651a540816273b67bc4dedea2d37d116c5f7fe",
        "revCount": 557634,
        "type": "tarball",
        "url": "https://api.flakehub.com/f/pinned/NixOS/nixpkgs/0.2311.557634%2Brev-51651a540816273b67bc4dedea2d37d116c5f7fe/018ed69f-a175-7ab0-bc05-651225022c5a/source.tar.gz"
      },
      "original": {
        "type": "tarball",
        "url": "https://flakehub.com/f/NixOS/nixpkgs/%2A.tar.gz"
      }
    },
    "root": {
      "inputs": {
        "nixpkgs": "nixpkgs"
      }
    }
  },
  "root": "root",
  "version": 7
}
